<?xml version="1.0" encoding="utf-8"?>
<Project ToolsVersion="4.0" xmlns="http://schemas.microsoft.com/developer/msbuild/2003">
  <ItemGroup>
    <Filter Include="Source Files">
      <UniqueIdentifier>{4FC737F1-C7A5-4376-A066-2A32D752A2FF}</UniqueIdentifier>
      <Extensions>cpp;c;cc;cxx;def;odl;idl;hpj;bat;asm;asmx</Extensions>
    </Filter>
    <Filter Include="Header Files">
      <UniqueIdentifier>{93995380-89BD-4b04-88EB-625FBE52EBFB}</UniqueIdentifier>
      <Extensions>h;hh;hpp;hxx;hm;inl;inc;xsd</Extensions>
    </Filter>
    <Filter Include="Inline Files">
      <UniqueIdentifier>{0b9fb750-076e-41b5-8679-4ae496609570}</UniqueIdentifier>
    </Filter>
    <Filter Include="Windows">
      <UniqueIdentifier>{eb6d16e0-7d9c-4ef0-82a2-aadee4a50019}</UniqueIdentifier>
    </Filter>
    <Filter Include="Unix">
      <UniqueIdentifier>{1a222aab-2933-4be5-993b-04fbb48e850b}</UniqueIdentifier>
    </Filter>
  </ItemGroup>
  <ItemGroup>
    <ClInclude Include="Types.hpp">
      <Filter>Header Files</Filter>
    </ClInclude>
    <ClInclude Include="Object.hpp">
      <Filter>Header Files</Filter>
    </ClInclude>
    <ClInclude Include="String.hpp">
      <Filter>Header Files</Filter>
    </ClInclude>
    <ClInclude Include="Exception.hpp">
      <Filter>Header Files</Filter>
    </ClInclude>
    <ClInclude Include="Integer.hpp">
      <Filter>Header Files</Filter>
    </ClInclude>
    <ClInclude Include="Char.hpp">
      <Filter>Header Files</Filter>
    </ClInclude>
  </ItemGroup>
  <ItemGroup>
    <ClCompile Include="Object.cpp">
      <Filter>Source Files</Filter>
    </ClCompile>
    <ClCompile Include="String.cpp">
      <Filter>Source Files</Filter>
    </ClCompile>
    <ClCompile Include="Exception.cpp">
      <Filter>Source Files</Filter>
    </ClCompile>
    <ClCompile Include="Integer.cpp">
      <Filter>Source Files</Filter>
    </ClCompile>
    <ClCompile Include="Char.cpp">
      <Filter>Source Files</Filter>
    </ClCompile>
    <ClCompile Include="WinChar.cpp">
      <Filter>Windows</Filter>
    </ClCompile>
    <ClCompile Include="UnixChar.cpp">
      <Filter>Unix</Filter>
    </ClCompile>
    <ClCompile Include="WinString.cpp">
      <Filter>Windows</Filter>
    </ClCompile>
    <ClCompile Include="UnixString.cpp">
      <Filter>Unix</Filter>
    </ClCompile>
  </ItemGroup>
  <ItemGroup>
    <None Include="String.inl">
      <Filter>Inline Files</Filter>
    </None>
    <None Include="Char.inl">
      <Filter>Inline Files</Filter>
    </None>
  </ItemGroup>
</Project>