<?xml version="1.0" encoding="utf-8"?>
<Project ToolsVersion="4.0" xmlns="http://schemas.microsoft.com/developer/msbuild/2003">
  <ItemGroup>
    <Filter Include="Source Files">
      <UniqueIdentifier>{4FC737F1-C7A5-4376-A066-2A32D752A2FF}</UniqueIdentifier>
      <Extensions>cpp;c;cc;cxx;def;odl;idl;hpj;bat;asm;asmx</Extensions>
    </Filter>
    <Filter Include="Header Files">
      <UniqueIdentifier>{93995380-89BD-4b04-88EB-625FBE52EBFB}</UniqueIdentifier>
      <Extensions>h;hh;hpp;hxx;hm;inl;inc;xsd</Extensions>
    </Filter>
    <Filter Include="Inline Files">
      <UniqueIdentifier>{0b9fb750-076e-41b5-8679-4ae496609570}</UniqueIdentifier>
    </Filter>
    <Filter Include="Platform">
      <UniqueIdentifier>{9cc93814-438d-41b7-97a6-3036be355bd9}</UniqueIdentifier>
    </Filter>
    <Filter Include="Interface">
      <UniqueIdentifier>{be843cd8-9dd2-49db-a843-c783a0271b6f}</UniqueIdentifier>
    </Filter>
  </ItemGroup>
  <ItemGroup>
    <ClInclude Include="Types.hpp">
      <Filter>Header Files</Filter>
    </ClInclude>
    <ClInclude Include="Object.hpp">
      <Filter>Header Files</Filter>
    </ClInclude>
    <ClInclude Include="String.hpp">
      <Filter>Header Files</Filter>
    </ClInclude>
    <ClInclude Include="Exception.hpp">
      <Filter>Header Files</Filter>
    </ClInclude>
    <ClInclude Include="Integer.hpp">
      <Filter>Header Files</Filter>
    </ClInclude>
    <ClInclude Include="Char.hpp">
      <Filter>Header Files</Filter>
    </ClInclude>
    <ClInclude Include="ISequence.hpp">
      <Filter>Interface</Filter>
    </ClInclude>
    <ClInclude Include="IDictionary.hpp">
      <Filter>Interface</Filter>
    </ClInclude>
    <ClInclude Include="Float.hpp">
      <Filter>Header Files</Filter>
    </ClInclude>
    <ClInclude Include="Property.hpp">
      <Filter>Header Files</Filter>
    </ClInclude>
    <ClInclude Include="Iterator.hpp">
      <Filter>Interface</Filter>
    </ClInclude>
  </ItemGroup>
  <ItemGroup>
    <ClCompile Include="Object.cpp">
      <Filter>Source Files</Filter>
    </ClCompile>
    <ClCompile Include="String.cpp">
      <Filter>Source Files</Filter>
    </ClCompile>
    <ClCompile Include="Exception.cpp">
      <Filter>Source Files</Filter>
    </ClCompile>
    <ClCompile Include="Integer.cpp">
      <Filter>Source Files</Filter>
    </ClCompile>
    <ClCompile Include="Char.cpp">
      <Filter>Source Files</Filter>
    </ClCompile>
    <ClCompile Include="Platform\Windows\WinChar.cpp">
      <Filter>Platform</Filter>
    </ClCompile>
    <ClCompile Include="Platform\Windows\WinString.cpp">
      <Filter>Platform</Filter>
    </ClCompile>
    <ClCompile Include="Float.cpp">
      <Filter>Source Files</Filter>
    </ClCompile>
    <ClCompile Include="Platform\Windows\WinObject.cpp">
      <Filter>Platform</Filter>
    </ClCompile>
  </ItemGroup>
  <ItemGroup>
    <None Include="String.inl">
      <Filter>Inline Files</Filter>
    </None>
    <None Include="Char.inl">
      <Filter>Inline Files</Filter>
    </None>
    <None Include="Property.inl">
      <Filter>Inline Files</Filter>
    </None>
    <None Include="Iterator.inl">
      <Filter>Inline Files</Filter>
    </None>
  </ItemGroup>
</Project>